
Microsoft Visual Studio Solution File, Format Version 12.00
# Visual Studio Version 17
VisualStudioVersion = 17.10.34928.147
MinimumVisualStudioVersion = 10.0.40219.1
Project("{FAE04EC0-301F-11D3-BF4B-00C04F79EFBC}") = "do-playlist-api", "do-playlist-api.csproj", "{64A4A806-FA56-4634-AD87-DB6B7E1056F6}"
EndProject
Global
	GlobalSection(SolutionConfigurationPlatforms) = preSolution
		Debug|Any CPU = Debug|Any CPU
		Release|Any CPU = Release|Any CPU
	EndGlobalSection
	GlobalSection(ProjectConfigurationPlatforms) = postSolution
		{64A4A806-FA56-4634-AD87-DB6B7E1056F6}.Debug|Any CPU.ActiveCfg = Debug|Any CPU
		{64A4A806-FA56-4634-AD87-DB6B7E1056F6}.Debug|Any CPU.Build.0 = Debug|Any CPU
		{64A4A806-FA56-4634-AD87-DB6B7E1056F6}.Release|Any CPU.ActiveCfg = Release|Any CPU
		{64A4A806-FA56-4634-AD87-DB6B7E1056F6}.Release|Any CPU.Build.0 = Release|Any CPU
	EndGlobalSection
	GlobalSection(SolutionProperties) = preSolution
		HideSolutionNode = FALSE
	EndGlobalSection
	GlobalSection(ExtensibilityGlobals) = postSolution
		SolutionGuid = {5D439BE1-C9A9-4ADE-A990-B6069F1AC9E9}
	EndGlobalSection
EndGlobal
